
Microsoft Visual Studio Solution File, Format Version 12.00
# Visual Studio 15
VisualStudioVersion = 15.0.28307.168
MinimumVisualStudioVersion = 10.0.40219.1
Project("{888888A0-9F3D-457C-B088-3A5042F75D52}") = "Python1", "Python1\Python1.pyproj", "{626571D1-9FE2-44E1-AAB8-15A3A22A5822}"
EndProject
Global
	GlobalSection(SolutionConfigurationPlatforms) = preSolution
		Debug|Any CPU = Debug|Any CPU
		Release|Any CPU = Release|Any CPU
	EndGlobalSection
	GlobalSection(ProjectConfigurationPlatforms) = postSolution
		{626571D1-9FE2-44E1-AAB8-15A3A22A5822}.Debug|Any CPU.ActiveCfg = Debug|Any CPU
		{626571D1-9FE2-44E1-AAB8-15A3A22A5822}.Release|Any CPU.ActiveCfg = Release|Any CPU
	EndGlobalSection
	GlobalSection(SolutionProperties) = preSolution
		HideSolutionNode = FALSE
	EndGlobalSection
	GlobalSection(ExtensibilityGlobals) = postSolution
		SolutionGuid = {16EA8042-C585-40C8-9C18-4423E0904C0D}
	EndGlobalSection
EndGlobal
